
Microsoft Visual Studio Solution File, Format Version 12.00
# Visual Studio 15
Project("{FAE04EC0-301F-11D3-BF4B-00C04F79EFBC}") = "TITAN DEMO", "TITAN DEMO.csproj", "{DDAB4DFA-EEF4-EC17-4C8E-1D33DB789CFF}"
EndProject
Global
	GlobalSection(SolutionConfigurationPlatforms) = preSolution
		Debug|Any CPU = Debug|Any CPU
		Release|Any CPU = Release|Any CPU
	EndGlobalSection
	GlobalSection(ProjectConfigurationPlatforms) = postSolution
		{DDAB4DFA-EEF4-EC17-4C8E-1D33DB789CFF}.Debug|Any CPU.ActiveCfg = Debug|Any CPU
		{DDAB4DFA-EEF4-EC17-4C8E-1D33DB789CFF}.Debug|Any CPU.Build.0 = Debug|Any CPU
		{DDAB4DFA-EEF4-EC17-4C8E-1D33DB789CFF}.Release|Any CPU.ActiveCfg = Release|Any CPU
		{DDAB4DFA-EEF4-EC17-4C8E-1D33DB789CFF}.Release|Any CPU.Build.0 = Release|Any CPU
	EndGlobalSection
	GlobalSection(SolutionProperties) = preSolution
		HideSolutionNode = FALSE
	EndGlobalSection
EndGlobal
